dependencies:
- name: valkey
  repository: oci://registry-1.docker.io/cloudpirates
  version: 0.17.0
- name: rabbitmq
  repository: oci://registry-1.docker.io/cloudpirates
  version: 0.17.0
- name: cloudsql-proxy
  repository: oci://ghcr.io/prefeitura-rio/charts
  version: 1.0.2
digest: sha256:c0f5327c5b3448499b7b2f089d52f3565a86840741262464f49e853ccaab5852
generated: "2026-08-01T13:17:49.187522213Z"
